
Microsoft Visual Studio Solution File, Format Version 12.00
# Visual Studio Version 17
VisualStudioVersion = 17.8.34525.116
MinimumVisualStudioVersion = 10.0.40219.1
Project("{FAE04EC0-301F-11D3-BF4B-00C04F79EFBC}") = "SWebScrapingService", "SWebScrapingService\SWebScrapingService.csproj", "{AF344012-F1C2-4C2A-AC96-13C2E45C7EFC}"
EndProject
Global
	GlobalSection(SolutionConfigurationPlatforms) = preSolution
		Debug|Any CPU = Debug|Any CPU
		Release|Any CPU = Release|Any CPU
	EndGlobalSection
	GlobalSection(ProjectConfigurationPlatforms) = postSolution
		{AF344012-F1C2-4C2A-AC96-13C2E45C7EFC}.Debug|Any CPU.ActiveCfg = Debug|Any CPU
		{AF344012-F1C2-4C2A-AC96-13C2E45C7EFC}.Debug|Any CPU.Build.0 = Debug|Any CPU
		{AF344012-F1C2-4C2A-AC96-13C2E45C7EFC}.Release|Any CPU.ActiveCfg = Release|Any CPU
		{AF344012-F1C2-4C2A-AC96-13C2E45C7EFC}.Release|Any CPU.Build.0 = Release|Any CPU
	EndGlobalSection
	GlobalSection(SolutionProperties) = preSolution
		HideSolutionNode = FALSE
	EndGlobalSection
	GlobalSection(ExtensibilityGlobals) = postSolution
		SolutionGuid = {7E22500E-9A97-4959-AE5E-9E267049A244}
	EndGlobalSection
EndGlobal
